<?xml version="1.0" encoding="utf-8"?>
<Project ToolsVersion="4.0" xmlns="http://schemas.microsoft.com/developer/msbuild/2003">
  <ItemGroup>
    <Filter Include="Source Files">
      <UniqueIdentifier>{4FC737F1-C7A5-4376-A066-2A32D752A2FF}</UniqueIdentifier>
      <Extensions>cpp;c;cc;cxx;def;odl;idl;hpj;bat;asm;asmx</Extensions>
    </Filter>
    <Filter Include="Header Files">
      <UniqueIdentifier>{93995380-89BD-4b04-88EB-625FBE52EBFB}</UniqueIdentifier>
      <Extensions>h;hh;hpp;hxx;hm;inl;inc;xsd</Extensions>
    </Filter>
    <Filter Include="Resource Files">
      <UniqueIdentifier>{67DA6AB6-F800-4c08-8B7A-83BB121AAD01}</UniqueIdentifier>
      <Extensions>rc;ico;cur;bmp;dlg;rc2;rct;bin;rgs;gif;jpg;jpeg;jpe;resx;tiff;tif;png;wav;mfcribbon-ms</Extensions>
    </Filter>
  </ItemGroup>
  <ItemGroup>
    <ClCompile Include="src\card_game.cpp">
      <Filter>Source Files</Filter>
    </ClCompile>
    <ClCompile Include="src\counting_inversions.cpp">
      <Filter>Source Files</Filter>
    </ClCompile>
    <ClCompile Include="src\dijkstra.cpp">
      <Filter>Source Files</Filter>
    </ClCompile>
    <ClCompile Include="src\graph.cpp">
      <Filter>Source Files</Filter>
    </ClCompile>
    <ClCompile Include="src\hex.cpp">
      <Filter>Source Files</Filter>
    </ClCompile>
    <ClCompile Include="src\karger_min_cut.cpp">
      <Filter>Source Files</Filter>
    </ClCompile>
    <ClCompile Include="src\KargerMinCut.cpp">
      <Filter>Source Files</Filter>
    </ClCompile>
    <ClCompile Include="src\linked_list.cpp">
      <Filter>Source Files</Filter>
    </ClCompile>
    <ClCompile Include="src\Main.cpp">
      <Filter>Source Files</Filter>
    </ClCompile>
    <ClCompile Include="src\merge_sort.cpp">
      <Filter>Source Files</Filter>
    </ClCompile>
    <ClCompile Include="src\operator_overloading.cpp">
      <Filter>Source Files</Filter>
    </ClCompile>
    <ClCompile Include="src\order_statistics.cpp">
      <Filter>Source Files</Filter>
    </ClCompile>
    <ClCompile Include="src\prim_mst.cpp">
      <Filter>Source Files</Filter>
    </ClCompile>
    <ClCompile Include="src\quicksort_median_of_3_pivot.cpp">
      <Filter>Source Files</Filter>
    </ClCompile>
    <ClCompile Include="src\quicksort_randomized_pivot.cpp">
      <Filter>Source Files</Filter>
    </ClCompile>
    <ClCompile Include="src\sum_of_vector_elements.cpp">
      <Filter>Source Files</Filter>
    </ClCompile>
    <ClCompile Include="src\tree.cpp">
      <Filter>Source Files</Filter>
    </ClCompile>
  </ItemGroup>
  <ItemGroup>
    <ClInclude Include="inc\generic.h">
      <Filter>Header Files</Filter>
    </ClInclude>
    <ClInclude Include="inc\graph.h">
      <Filter>Header Files</Filter>
    </ClInclude>
    <ClInclude Include="inc\hex.h">
      <Filter>Header Files</Filter>
    </ClInclude>
    <ClInclude Include="inc\prim_mst.h">
      <Filter>Header Files</Filter>
    </ClInclude>
  </ItemGroup>
</Project>